
Microsoft Visual Studio Solution File, Format Version 12.00
# Visual Studio Version 17
VisualStudioVersion = 17.14.36310.24
MinimumVisualStudioVersion = 10.0.40219.1
Project("{2150E333-8FDC-42A3-9474-1A3956D46DE8}") = "src", "src", "{02EA681E-C7D8-13C7-8484-4AC65E1B71E8}"
EndProject
Project("{2150E333-8FDC-42A3-9474-1A3956D46DE8}") = "test", "test", "{8C522533-C4E1-4C45-BF3C-3510AC24690B}"
EndProject
Project("{FAE04EC0-301F-11D3-BF4B-00C04F79EFBC}") = "RelMa.Shared", "src\RelMa.Shared\RelMa.Shared.csproj", "{4D33420B-30E4-A5F3-F423-F4116732BFB7}"
EndProject
Project("{FAE04EC0-301F-11D3-BF4B-00C04F79EFBC}") = "RelMa.ApiService", "src\RelMa.ApiService\RelMa.ApiService.csproj", "{C49C8E62-6B63-CF3E-05A6-CEEA33012BD3}"
EndProject
Project("{FAE04EC0-301F-11D3-BF4B-00C04F79EFBC}") = "RelMa.Domain", "src\RelMa.Domain\RelMa.Domain.csproj", "{E901B7B7-AB55-4FBB-AB20-3D0431EC1E47}"
EndProject
Project("{FAE04EC0-301F-11D3-BF4B-00C04F79EFBC}") = "RelMa.Application", "src\RelMa.Application\RelMa.Application.csproj", "{6208C1EF-CBE6-4E00-A208-A842E969AFA8}"
EndProject
Project("{FAE04EC0-301F-11D3-BF4B-00C04F79EFBC}") = "RelMa.Infrastructure", "src\RelMa.Infrastructure\RelMa.Infrastructure.csproj", "{AA5E1B27-4FAD-4790-85F8-C2E4165DD72B}"
EndProject
Project("{54A90642-561A-4BB1-A94E-469ADEE60C69}") = "RelMa.Web", "src\RelMa.Web\RelMa.Web.esproj", "{A52E107F-50FB-9EA9-C608-8EAD4C8C61D7}"
EndProject
Project("{FAE04EC0-301F-11D3-BF4B-00C04F79EFBC}") = "RelMa.Tests", "test\RelMa.Tests\RelMa.Tests.csproj", "{52781B0D-7C51-FCFF-0A46-04F0C3099205}"
EndProject
Project("{E53339B2-1760-4266-BCC7-CA923CBCF16C}") = "docker-compose", "docker-compose.dcproj", "{81DDED9D-158B-E303-5F62-77A2896D2A5A}"
EndProject
Global
	GlobalSection(SolutionConfigurationPlatforms) = preSolution
		Debug|Any CPU = Debug|Any CPU
		Release|Any CPU = Release|Any CPU
	EndGlobalSection
	GlobalSection(ProjectConfigurationPlatforms) = postSolution
		{4D33420B-30E4-A5F3-F423-F4116732BFB7}.Debug|Any CPU.ActiveCfg = Debug|Any CPU
		{4D33420B-30E4-A5F3-F423-F4116732BFB7}.Debug|Any CPU.Build.0 = Debug|Any CPU
		{4D33420B-30E4-A5F3-F423-F4116732BFB7}.Release|Any CPU.ActiveCfg = Release|Any CPU
		{4D33420B-30E4-A5F3-F423-F4116732BFB7}.Release|Any CPU.Build.0 = Release|Any CPU
		{C49C8E62-6B63-CF3E-05A6-CEEA33012BD3}.Debug|Any CPU.ActiveCfg = Debug|Any CPU
		{C49C8E62-6B63-CF3E-05A6-CEEA33012BD3}.Debug|Any CPU.Build.0 = Debug|Any CPU
		{C49C8E62-6B63-CF3E-05A6-CEEA33012BD3}.Release|Any CPU.ActiveCfg = Release|Any CPU
		{C49C8E62-6B63-CF3E-05A6-CEEA33012BD3}.Release|Any CPU.Build.0 = Release|Any CPU
		{E901B7B7-AB55-4FBB-AB20-3D0431EC1E47}.Debug|Any CPU.ActiveCfg = Debug|Any CPU
		{E901B7B7-AB55-4FBB-AB20-3D0431EC1E47}.Debug|Any CPU.Build.0 = Debug|Any CPU
		{E901B7B7-AB55-4FBB-AB20-3D0431EC1E47}.Release|Any CPU.ActiveCfg = Release|Any CPU
		{E901B7B7-AB55-4FBB-AB20-3D0431EC1E47}.Release|Any CPU.Build.0 = Release|Any CPU
		{6208C1EF-CBE6-4E00-A208-A842E969AFA8}.Debug|Any CPU.ActiveCfg = Debug|Any CPU
		{6208C1EF-CBE6-4E00-A208-A842E969AFA8}.Debug|Any CPU.Build.0 = Debug|Any CPU
		{6208C1EF-CBE6-4E00-A208-A842E969AFA8}.Release|Any CPU.ActiveCfg = Release|Any CPU
		{6208C1EF-CBE6-4E00-A208-A842E969AFA8}.Release|Any CPU.Build.0 = Release|Any CPU
		{AA5E1B27-4FAD-4790-85F8-C2E4165DD72B}.Debug|Any CPU.ActiveCfg = Debug|Any CPU
		{AA5E1B27-4FAD-4790-85F8-C2E4165DD72B}.Debug|Any CPU.Build.0 = Debug|Any CPU
		{AA5E1B27-4FAD-4790-85F8-C2E4165DD72B}.Release|Any CPU.ActiveCfg = Release|Any CPU
		{AA5E1B27-4FAD-4790-85F8-C2E4165DD72B}.Release|Any CPU.Build.0 = Release|Any CPU
		{A52E107F-50FB-9EA9-C608-8EAD4C8C61D7}.Debug|Any CPU.ActiveCfg = Debug|Any CPU
		{A52E107F-50FB-9EA9-C608-8EAD4C8C61D7}.Debug|Any CPU.Build.0 = Debug|Any CPU
		{A52E107F-50FB-9EA9-C608-8EAD4C8C61D7}.Debug|Any CPU.Deploy.0 = Debug|Any CPU
		{A52E107F-50FB-9EA9-C608-8EAD4C8C61D7}.Release|Any CPU.ActiveCfg = Release|Any CPU
		{A52E107F-50FB-9EA9-C608-8EAD4C8C61D7}.Release|Any CPU.Build.0 = Release|Any CPU
		{A52E107F-50FB-9EA9-C608-8EAD4C8C61D7}.Release|Any CPU.Deploy.0 = Release|Any CPU
		{52781B0D-7C51-FCFF-0A46-04F0C3099205}.Debug|Any CPU.ActiveCfg = Debug|Any CPU
		{52781B0D-7C51-FCFF-0A46-04F0C3099205}.Debug|Any CPU.Build.0 = Debug|Any CPU
		{52781B0D-7C51-FCFF-0A46-04F0C3099205}.Release|Any CPU.ActiveCfg = Release|Any CPU
		{52781B0D-7C51-FCFF-0A46-04F0C3099205}.Release|Any CPU.Build.0 = Release|Any CPU
		{81DDED9D-158B-E303-5F62-77A2896D2A5A}.Debug|Any CPU.ActiveCfg = Debug|Any CPU
		{81DDED9D-158B-E303-5F62-77A2896D2A5A}.Debug|Any CPU.Build.0 = Debug|Any CPU
		{81DDED9D-158B-E303-5F62-77A2896D2A5A}.Release|Any CPU.ActiveCfg = Release|Any CPU
		{81DDED9D-158B-E303-5F62-77A2896D2A5A}.Release|Any CPU.Build.0 = Release|Any CPU
	EndGlobalSection
	GlobalSection(SolutionProperties) = preSolution
		HideSolutionNode = FALSE
	EndGlobalSection
	GlobalSection(NestedProjects) = preSolution
		{4D33420B-30E4-A5F3-F423-F4116732BFB7} = {02EA681E-C7D8-13C7-8484-4AC65E1B71E8}
		{C49C8E62-6B63-CF3E-05A6-CEEA33012BD3} = {02EA681E-C7D8-13C7-8484-4AC65E1B71E8}
		{E901B7B7-AB55-4FBB-AB20-3D0431EC1E47} = {02EA681E-C7D8-13C7-8484-4AC65E1B71E8}
		{6208C1EF-CBE6-4E00-A208-A842E969AFA8} = {02EA681E-C7D8-13C7-8484-4AC65E1B71E8}
		{AA5E1B27-4FAD-4790-85F8-C2E4165DD72B} = {02EA681E-C7D8-13C7-8484-4AC65E1B71E8}
		{A52E107F-50FB-9EA9-C608-8EAD4C8C61D7} = {02EA681E-C7D8-13C7-8484-4AC65E1B71E8}
		{52781B0D-7C51-FCFF-0A46-04F0C3099205} = {8C522533-C4E1-4C45-BF3C-3510AC24690B}
	EndGlobalSection
	GlobalSection(ExtensibilityGlobals) = postSolution
		SolutionGuid = {187E25D3-DF88-4B3E-977E-669DEAB2EFD5}
	EndGlobalSection
EndGlobal
